// !$*UTF8*$!
{
	archiveVersion = 1;
	classes = {
	};
	objectVersion = 50;
	objects = {

/* Begin PBXBuildFile section */
		7B98850E2593C8C0006CBE53 /* Tip.swift in Sources */ = {isa = PBXBuildFile; fileRef = 7B98850D2593C8C0006CBE53 /* Tip.swift */; };
		7B9885112593C9D2006CBE53 /* TipsView.swift in Sources */ = {isa = PBXBuildFile; fileRef = 7B9885102593C9D2006CBE53 /* TipsView.swift */; };
		7B9A0E362592620B003D8D1C /* TrekrApp.swift in Sources */ = {isa = PBXBuildFile; fileRef = 7B9A0E352592620B003D8D1C /* TrekrApp.swift */; };
		7B9A0E382592620B003D8D1C /* ContentView.swift in Sources */ = {isa = PBXBuildFile; fileRef = 7B9A0E372592620B003D8D1C /* ContentView.swift */; };
		7B9A0E3A25926211003D8D1C /* Assets.xcassets in Resources */ = {isa = PBXBuildFile; fileRef = 7B9A0E3925926211003D8D1C /* Assets.xcassets */; };
		7B9A0E3D25926211003D8D1C /* Preview Assets.xcassets in Resources */ = {isa = PBXBuildFile; fileRef = 7B9A0E3C25926211003D8D1C /* Preview Assets.xcassets */; };
		7B9A0E472592655B003D8D1C /* tips.json in Resources */ = {isa = PBXBuildFile; fileRef = 7B9A0E452592655A003D8D1C /* tips.json */; };
		7B9A0E482592655B003D8D1C /* locations.json in Resources */ = {isa = PBXBuildFile; fileRef = 7B9A0E462592655B003D8D1C /* locations.json */; };
		7B9A0E4B2592704C003D8D1C /* Location.swift in Sources */ = {isa = PBXBuildFile; fileRef = 7B9A0E4A2592704C003D8D1C /* Location.swift */; };
		7B9A0E4E25927654003D8D1C /* Locations.swift in Sources */ = {isa = PBXBuildFile; fileRef = 7B9A0E4D25927654003D8D1C /* Locations.swift */; };
		7B9A0E5125927C8E003D8D1C /* WorldView.swift in Sources */ = {isa = PBXBuildFile; fileRef = 7B9A0E5025927C8E003D8D1C /* WorldView.swift */; };
/* End PBXBuildFile section */

/* Begin PBXFileReference section */
		7B98850D2593C8C0006CBE53 /* Tip.swift */ = {isa = PBXFileReference; lastKnownFileType = sourcecode.swift; path = Tip.swift; sourceTree = "<group>"; };
		7B9885102593C9D2006CBE53 /* TipsView.swift */ = {isa = PBXFileReference; lastKnownFileType = sourcecode.swift; path = TipsView.swift; sourceTree = "<group>"; };
		7B9A0E322592620B003D8D1C /* Trekr.app */ = {isa = PBXFileReference; explicitFileType = wrapper.application; includeInIndex = 0; path = Trekr.app; sourceTree = BUILT_PRODUCTS_DIR; };
		7B9A0E352592620B003D8D1C /* TrekrApp.swift */ = {isa = PBXFileReference; lastKnownFileType = sourcecode.swift; path = TrekrApp.swift; sourceTree = "<group>"; };
		7B9A0E372592620B003D8D1C /* ContentView.swift */ = {isa = PBXFileReference; lastKnownFileType = sourcecode.swift; path = ContentView.swift; sourceTree = "<group>"; };
		7B9A0E3925926211003D8D1C /* Assets.xcassets */ = {isa = PBXFileReference; lastKnownFileType = folder.assetcatalog; path = Assets.xcassets; sourceTree = "<group>"; };
		7B9A0E3C25926211003D8D1C /* Preview Assets.xcassets */ = {isa = PBXFileReference; lastKnownFileType = folder.assetcatalog; path = "Preview Assets.xcassets"; sourceTree = "<group>"; };
		7B9A0E3E25926211003D8D1C /* Info.plist */ = {isa = PBXFileReference; lastKnownFileType = text.plist.xml; path = Info.plist; sourceTree = "<group>"; };
		7B9A0E452592655A003D8D1C /* tips.json */ = {isa = PBXFileReference; fileEncoding = 4; lastKnownFileType = text.json; path = tips.json; sourceTree = "<group>"; };
		7B9A0E462592655B003D8D1C /* locations.json */ = {isa = PBXFileReference; fileEncoding = 4; lastKnownFileType = text.json; path = locations.json; sourceTree = "<group>"; };
		7B9A0E4A2592704C003D8D1C /* Location.swift */ = {isa = PBXFileReference; lastKnownFileType = sourcecode.swift; path = Location.swift; sourceTree = "<group>"; };
		7B9A0E4D25927654003D8D1C /* Locations.swift */ = {isa = PBXFileReference; lastKnownFileType = sourcecode.swift; path = Locations.swift; sourceTree = "<group>"; };
		7B9A0E5025927C8E003D8D1C /* WorldView.swift */ = {isa = PBXFileReference; lastKnownFileType = sourcecode.swift; path = WorldView.swift; sourceTree = "<group>"; };
/* End PBXFileReference section */

/* Begin PBXFrameworksBuildPhase section */
		7B9A0E2F2592620B003D8D1C /* Frameworks */ = {
			isa = PBXFrameworksBuildPhase;
			buildActionMask = 2147483647;
			files = (
			);
			runOnlyForDeploymentPostprocessing = 0;
		};
/* End PBXFrameworksBuildPhase section */

/* Begin PBXGroup section */
		7B9A0E292592620B003D8D1C = {
			isa = PBXGroup;
			children = (
				7B9A0E342592620B003D8D1C /* Trekr */,
				7B9A0E332592620B003D8D1C /* Products */,
			);
			sourceTree = "<group>";
		};
		7B9A0E332592620B003D8D1C /* Products */ = {
			isa = PBXGroup;
			children = (
				7B9A0E322592620B003D8D1C /* Trekr.app */,
			);
			name = Products;
			sourceTree = "<group>";
		};
		7B9A0E342592620B003D8D1C /* Trekr */ = {
			isa = PBXGroup;
			children = (
				7B9A0E352592620B003D8D1C /* TrekrApp.swift */,
				7B9A0E5025927C8E003D8D1C /* WorldView.swift */,
				7B98850D2593C8C0006CBE53 /* Tip.swift */,
				7B9885102593C9D2006CBE53 /* TipsView.swift */,
				7B9A0E372592620B003D8D1C /* ContentView.swift */,
				7B9A0E4A2592704C003D8D1C /* Location.swift */,
				7B9A0E4D25927654003D8D1C /* Locations.swift */,
				7B9A0E3925926211003D8D1C /* Assets.xcassets */,
				7B9A0E3E25926211003D8D1C /* Info.plist */,
				7B9A0E462592655B003D8D1C /* locations.json */,
				7B9A0E452592655A003D8D1C /* tips.json */,
				7B9A0E3B25926211003D8D1C /* Preview Content */,
			);
			path = Trekr;
			sourceTree = "<group>";
		};
		7B9A0E3B25926211003D8D1C /* Preview Content */ = {
			isa = PBXGroup;
			children = (
				7B9A0E3C25926211003D8D1C /* Preview Assets.xcassets */,
			);
			path = "Preview Content";
			sourceTree = "<group>";
		};
/* End PBXGroup section */

/* Begin PBXNativeTarget section */
		7B9A0E312592620B003D8D1C /* Trekr */ = {
			isa = PBXNativeTarget;
			buildConfigurationList = 7B9A0E4125926211003D8D1C /* Build configuration list for PBXNativeTarget "Trekr" */;
			buildPhases = (
				7B9A0E2E2592620B003D8D1C /* Sources */,
				7B9A0E2F2592620B003D8D1C /* Frameworks */,
				7B9A0E302592620B003D8D1C /* Resources */,
			);
			buildRules = (
			);
			dependencies = (
			);
			name = Trekr;
			productName = Trekr;
			productReference = 7B9A0E322592620B003D8D1C /* Trekr.app */;
			productType = "com.apple.product-type.application";
		};
/* End PBXNativeTarget section */

/* Begin PBXProject section */
		7B9A0E2A2592620B003D8D1C /* Project object */ = {
			isa = PBXProject;
			attributes = {
				LastSwiftUpdateCheck = 1230;
				LastUpgradeCheck = 1230;
				TargetAttributes = {
					7B9A0E312592620B003D8D1C = {
						CreatedOnToolsVersion = 12.3;
					};
				};
			};
			buildConfigurationList = 7B9A0E2D2592620B003D8D1C /* Build configuration list for PBXProject "Trekr" */;
			compatibilityVersion = "Xcode 9.3";
			developmentRegion = en;
			hasScannedForEncodings = 0;
			knownRegions = (
				en,
				Base,
			);
			mainGroup = 7B9A0E292592620B003D8D1C;
			productRefGroup = 7B9A0E332592620B003D8D1C /* Products */;
			projectDirPath = "";
			projectRoot = "";
			targets = (
				7B9A0E312592620B003D8D1C /* Trekr */,
			);
		};
/* End PBXProject section */

/* Begin PBXResourcesBuildPhase section */
		7B9A0E302592620B003D8D1C /* Resources */ = {
			isa = PBXResourcesBuildPhase;
			buildActionMask = 2147483647;
			files = (
				7B9A0E3D25926211003D8D1C /* Preview Assets.xcassets in Resources */,
				7B9A0E3A25926211003D8D1C /* Assets.xcassets in Resources */,
				7B9A0E482592655B003D8D1C /* locations.json in Resources */,
				7B9A0E472592655B003D8D1C /* tips.json in Resources */,
			);
			runOnlyForDeploymentPostprocessing = 0;
		};
/* End PBXResourcesBuildPhase section */

/* Begin PBXSourcesBuildPhase section */
		7B9A0E2E2592620B003D8D1C /* Sources */ = {
			isa = PBXSourcesBuildPhase;
			buildActionMask = 2147483647;
			files = (
				7B9A0E382592620B003D8D1C /* ContentView.swift in Sources */,
				7B9A0E4B2592704C003D8D1C /* Location.swift in Sources */,
				7B9A0E5125927C8E003D8D1C /* WorldView.swift in Sources */,
				7B98850E2593C8C0006CBE53 /* Tip.swift in Sources */,
				7B9885112593C9D2006CBE53 /* TipsView.swift in Sources */,
				7B9A0E4E25927654003D8D1C /* Locations.swift in Sources */,
				7B9A0E362592620B003D8D1C /* TrekrApp.swift in Sources */,
			);
			runOnlyForDeploymentPostprocessing = 0;
		};
/* End PBXSourcesBuildPhase section */

/* Begin XCBuildConfiguration section */
		7B9A0E3F25926211003D8D1C /* Debug */ = {
			isa = XCBuildConfiguration;
			buildSettings = {
				ALWAYS_SEARCH_USER_PATHS = NO;
				CLANG_ANALYZER_NONNULL = YES;
				CLANG_ANALYZER_NUMBER_OBJECT_CONVERSION = YES_AGGRESSIVE;
				CLANG_CXX_LANGUAGE_STANDARD = "gnu++14";
				CLANG_CXX_LIBRARY = "libc++";
				CLANG_ENABLE_MODULES = YES;
				CLANG_ENABLE_OBJC_ARC = YES;
				CLANG_ENABLE_OBJC_WEAK = YES;
				CLANG_WARN_BLOCK_CAPTURE_AUTORELEASING = YES;
				CLANG_WARN_BOOL_CONVERSION = YES;
				CLANG_WARN_COMMA = YES;
				CLANG_WARN_CONSTANT_CONVERSION = YES;
				CLANG_WARN_DEPRECATED_OBJC_IMPLEMENTATIONS = YES;
				CLANG_WARN_DIRECT_OBJC_ISA_USAGE = YES_ERROR;
				CLANG_WARN_DOCUMENTATION_COMMENTS = YES;
				CLANG_WARN_EMPTY_BODY = YES;
				CLANG_WARN_ENUM_CONVERSION = YES;
				CLANG_WARN_INFINITE_RECURSION = YES;
				CLANG_WARN_INT_CONVERSION = YES;
				CLANG_WARN_NON_LITERAL_NULL_CONVERSION = YES;
				CLANG_WARN_OBJC_IMPLICIT_RETAIN_SELF = YES;
				CLANG_WARN_OBJC_LITERAL_CONVERSION = YES;
				CLANG_WARN_OBJC_ROOT_CLASS = YES_ERROR;
				CLANG_WARN_QUOTED_INCLUDE_IN_FRAMEWORK_HEADER = YES;
				CLANG_WARN_RANGE_LOOP_ANALYSIS = YES;
				CLANG_WARN_STRICT_PROTOTYPES = YES;
				CLANG_WARN_SUSPICIOUS_MOVE = YES;
				CLANG_WARN_UNGUARDED_AVAILABILITY = YES_AGGRESSIVE;
				CLANG_WARN_UNREACHABLE_CODE = YES;
				CLANG_WARN__DUPLICATE_METHOD_MATCH = YES;
				COPY_PHASE_STRIP = NO;
				DEBUG_INFORMATION_FORMAT = dwarf;
				ENABLE_STRICT_OBJC_MSGSEND = YES;
				ENABLE_TESTABILITY = YES;
				GCC_C_LANGUAGE_STANDARD = gnu11;
				GCC_DYNAMIC_NO_PIC = NO;
				GCC_NO_COMMON_BLOCKS = YES;
				GCC_OPTIMIZATION_LEVEL = 0;
				GCC_PREPROCESSOR_DEFINITIONS = (
					"DEBUG=1",
					"$(inherited)",
				);
				GCC_WARN_64_TO_32_BIT_CONVERSION = YES;
				GCC_WARN_ABOUT_RETURN_TYPE = YES_ERROR;
				GCC_WARN_UNDECLARED_SELECTOR = YES;
				GCC_WARN_UNINITIALIZED_AUTOS = YES_AGGRESSIVE;
				GCC_WARN_UNUSED_FUNCTION = YES;
				GCC_WARN_UNUSED_VARIABLE = YES;
				IPHONEOS_DEPLOYMENT_TARGET = 14.3;
				MTL_ENABLE_DEBUG_INFO = INCLUDE_SOURCE;
				MTL_FAST_MATH = YES;
				ONLY_ACTIVE_ARCH = YES;
				SDKROOT = iphoneos;
				SWIFT_ACTIVE_COMPILATION_CONDITIONS = DEBUG;
				SWIFT_OPTIMIZATION_LEVEL = "-Onone";
			};
			name = Debug;
		};
		7B9A0E4025926211003D8D1C /* Release */ = {
			isa = XCBuildConfiguration;
			buildSettings = {
				ALWAYS_SEARCH_USER_PATHS = NO;
				CLANG_ANALYZER_NONNULL = YES;
				CLANG_ANALYZER_NUMBER_OBJECT_CONVERSION = YES_AGGRESSIVE;
				CLANG_CXX_LANGUAGE_STANDARD = "gnu++14";
				CLANG_CXX_LIBRARY = "libc++";
				CLANG_ENABLE_MODULES = YES;
				CLANG_ENABLE_OBJC_ARC = YES;
				CLANG_ENABLE_OBJC_WEAK = YES;
				CLANG_WARN_BLOCK_CAPTURE_AUTORELEASING = YES;
				CLANG_WARN_BOOL_CONVERSION = YES;
				CLANG_WARN_COMMA = YES;
				CLANG_WARN_CONSTANT_CONVERSION = YES;
				CLANG_WARN_DEPRECATED_OBJC_IMPLEMENTATIONS = YES;
				CLANG_WARN_DIRECT_OBJC_ISA_USAGE = YES_ERROR;
				CLANG_WARN_DOCUMENTATION_COMMENTS = YES;
				CLANG_WARN_EMPTY_BODY = YES;
				CLANG_WARN_ENUM_CONVERSION = YES;
				CLANG_WARN_INFINITE_RECURSION = YES;
				CLANG_WARN_INT_CONVERSION = YES;
				CLANG_WARN_NON_LITERAL_NULL_CONVERSION = YES;
				CLANG_WARN_OBJC_IMPLICIT_RETAIN_SELF = YES;
				CLANG_WARN_OBJC_LITERAL_CONVERSION = YES;
				CLANG_WARN_OBJC_ROOT_CLASS = YES_ERROR;
				CLANG_WARN_QUOTED_INCLUDE_IN_FRAMEWORK_HEADER = YES;
				CLANG_WARN_RANGE_LOOP_ANALYSIS = YES;
				CLANG_WARN_STRICT_PROTOTYPES = YES;
				CLANG_WARN_SUSPICIOUS_MOVE = YES;
				CLANG_WARN_UNGUARDED_AVAILABILITY = YES_AGGRESSIVE;
				CLANG_WARN_UNREACHABLE_CODE = YES;
				CLANG_WARN__DUPLICATE_METHOD_MATCH = YES;
				COPY_PHASE_STRIP = NO;
				DEBUG_INFORMATION_FORMAT = "dwarf-with-dsym";
				ENABLE_NS_ASSERTIONS = NO;
				ENABLE_STRICT_OBJC_MSGSEND = YES;
				GCC_C_LANGUAGE_STANDARD = gnu11;
				GCC_NO_COMMON_BLOCKS = YES;
				GCC_WARN_64_TO_32_BIT_CONVERSION = YES;
				GCC_WARN_ABOUT_RETURN_TYPE = YES_ERROR;
				GCC_WARN_UNDECLARED_SELECTOR = YES;
				GCC_WARN_UNINITIALIZED_AUTOS = YES_AGGRESSIVE;
				GCC_WARN_UNUSED_FUNCTION = YES;
				GCC_WARN_UNUSED_VARIABLE = YES;
				IPHONEOS_DEPLOYMENT_TARGET = 14.3;
				MTL_ENABLE_DEBUG_INFO = NO;
				MTL_FAST_MATH = YES;
				SDKROOT = iphoneos;
				SWIFT_COMPILATION_MODE = wholemodule;
				SWIFT_OPTIMIZATION_LEVEL = "-O";
				VALIDATE_PRODUCT = YES;
			};
			name = Release;
		};
		7B9A0E4225926211003D8D1C /* Debug */ = {
			isa = XCBuildConfiguration;
			buildSettings = {
				ASSETCATALOG_COMPILER_APPICON_NAME = AppIcon;
				ASSETCATALOG_COMPILER_GLOBAL_ACCENT_COLOR_NAME = AccentColor;
				CODE_SIGN_STYLE = Automatic;
				DEVELOPMENT_ASSET_PATHS = "\"Trekr/Preview Content\"";
				DEVELOPMENT_TEAM = FTZ4RS88XA;
				ENABLE_PREVIEWS = YES;
				INFOPLIST_FILE = Trekr/Info.plist;
				IPHONEOS_DEPLOYMENT_TARGET = 14.0;
				LD_RUNPATH_SEARCH_PATHS = (
					"$(inherited)",
					"@executable_path/Frameworks",
				);
				PRODUCT_BUNDLE_IDENTIFIER = com.amberakhtar.Trekr;
				PRODUCT_NAME = "$(TARGET_NAME)";
				SWIFT_VERSION = 5.0;
				TARGETED_DEVICE_FAMILY = "1,2";
			};
			name = Debug;
		};
		7B9A0E4325926211003D8D1C /* Release */ = {
			isa = XCBuildConfiguration;
			buildSettings = {
				ASSETCATALOG_COMPILER_APPICON_NAME = AppIcon;
				ASSETCATALOG_COMPILER_GLOBAL_ACCENT_COLOR_NAME = AccentColor;
				CODE_SIGN_STYLE = Automatic;
				DEVELOPMENT_ASSET_PATHS = "\"Trekr/Preview Content\"";
				DEVELOPMENT_TEAM = FTZ4RS88XA;
				ENABLE_PREVIEWS = YES;
				INFOPLIST_FILE = Trekr/Info.plist;
				IPHONEOS_DEPLOYMENT_TARGET = 14.0;
				LD_RUNPATH_SEARCH_PATHS = (
					"$(inherited)",
					"@executable_path/Frameworks",
				);
				PRODUCT_BUNDLE_IDENTIFIER = com.amberakhtar.Trekr;
				PRODUCT_NAME = "$(TARGET_NAME)";
				SWIFT_VERSION = 5.0;
				TARGETED_DEVICE_FAMILY = "1,2";
			};
			name = Release;
		};
/* End XCBuildConfiguration section */

/* Begin XCConfigurationList section */
		7B9A0E2D2592620B003D8D1C /* Build configuration list for PBXProject "Trekr" */ = {
			isa = XCConfigurationList;
			buildConfigurations = (
				7B9A0E3F25926211003D8D1C /* Debug */,
				7B9A0E4025926211003D8D1C /* Release */,
			);
			defaultConfigurationIsVisible = 0;
			defaultConfigurationName = Release;
		};
		7B9A0E4125926211003D8D1C /* Build configuration list for PBXNativeTarget "Trekr" */ = {
			isa = XCConfigurationList;
			buildConfigurations = (
				7B9A0E4225926211003D8D1C /* Debug */,
				7B9A0E4325926211003D8D1C /* Release */,
			);
			defaultConfigurationIsVisible = 0;
			defaultConfigurationName = Release;
		};
/* End XCConfigurationList section */
	};
	rootObject = 7B9A0E2A2592620B003D8D1C /* Project object */;
}
